// !$*UTF8*$!
{
	archiveVersion = 1;
	classes = {
	};
	objectVersion = 52;
	objects = {

/* Begin PBXBuildFile section */
		3956152126D7067E0019BD16 /* AppDelegate.swift in Sources */ = {isa = PBXBuildFile; fileRef = 3956152026D7067E0019BD16 /* AppDelegate.swift */; };
		3956152326D7067E0019BD16 /* SceneDelegate.swift in Sources */ = {isa = PBXBuildFile; fileRef = 3956152226D7067E0019BD16 /* SceneDelegate.swift */; };
		3956152526D7067E0019BD16 /* MainVC.swift in Sources */ = {isa = PBXBuildFile; fileRef = 3956152426D7067E0019BD16 /* MainVC.swift */; };
		3956152826D7067E0019BD16 /* Main.storyboard in Resources */ = {isa = PBXBuildFile; fileRef = 3956152626D7067E0019BD16 /* Main.storyboard */; };
		3956152B26D7067E0019BD16 /* Loodos_OMDB.xcdatamodeld in Sources */ = {isa = PBXBuildFile; fileRef = 3956152926D7067E0019BD16 /* Loodos_OMDB.xcdatamodeld */; };
		3956152D26D706810019BD16 /* Assets.xcassets in Resources */ = {isa = PBXBuildFile; fileRef = 3956152C26D706810019BD16 /* Assets.xcassets */; };
		3956153026D706810019BD16 /* LaunchScreen.storyboard in Resources */ = {isa = PBXBuildFile; fileRef = 3956152E26D706810019BD16 /* LaunchScreen.storyboard */; };
		3985FE8926D8F25D002411A9 /* DetailVC+Ext.swift in Sources */ = {isa = PBXBuildFile; fileRef = 3985FE8826D8F25D002411A9 /* DetailVC+Ext.swift */; };
		3985FE8C26D91906002411A9 /* Reachability in Frameworks */ = {isa = PBXBuildFile; productRef = 3985FE8B26D91906002411A9 /* Reachability */; };
		3985FE8F26D91925002411A9 /* Kingfisher in Frameworks */ = {isa = PBXBuildFile; productRef = 3985FE8E26D91925002411A9 /* Kingfisher */; };
		3985FE9226D91999002411A9 /* FirebaseAnalytics in Frameworks */ = {isa = PBXBuildFile; productRef = 3985FE9126D91999002411A9 /* FirebaseAnalytics */; };
		3985FE9426D91999002411A9 /* FirebaseRemoteConfig in Frameworks */ = {isa = PBXBuildFile; productRef = 3985FE9326D91999002411A9 /* FirebaseRemoteConfig */; };
		3985FE9726D91A01002411A9 /* Moya in Frameworks */ = {isa = PBXBuildFile; productRef = 3985FE9626D91A01002411A9 /* Moya */; };
		3985FE9C26DA97AF002411A9 /* UIVC+Ext.swift in Sources */ = {isa = PBXBuildFile; fileRef = 3985FE9B26DA97AF002411A9 /* UIVC+Ext.swift */; };
		39DFF10326D7C55400AD9366 /* SplashVC.swift in Sources */ = {isa = PBXBuildFile; fileRef = 39DFF10226D7C55400AD9366 /* SplashVC.swift */; };
		39DFF10B26D7D9D900AD9366 /* API.swift in Sources */ = {isa = PBXBuildFile; fileRef = 39DFF10A26D7D9D900AD9366 /* API.swift */; };
		39DFF10D26D7DA0D00AD9366 /* NetworkManager.swift in Sources */ = {isa = PBXBuildFile; fileRef = 39DFF10C26D7DA0D00AD9366 /* NetworkManager.swift */; };
		39DFF11026D7DCAB00AD9366 /* Movie.swift in Sources */ = {isa = PBXBuildFile; fileRef = 39DFF10F26D7DCAB00AD9366 /* Movie.swift */; };
		39DFF11226D7E55A00AD9366 /* Movie-Detail.swift in Sources */ = {isa = PBXBuildFile; fileRef = 39DFF11126D7E55A00AD9366 /* Movie-Detail.swift */; };
		39DFF11626D824EC00AD9366 /* MovieCell.swift in Sources */ = {isa = PBXBuildFile; fileRef = 39DFF11426D824EC00AD9366 /* MovieCell.swift */; };
		39DFF11726D824EC00AD9366 /* MovieCell.xib in Resources */ = {isa = PBXBuildFile; fileRef = 39DFF11526D824EC00AD9366 /* MovieCell.xib */; };
		39DFF11C26D84D3500AD9366 /* DetailVC.swift in Sources */ = {isa = PBXBuildFile; fileRef = 39DFF11B26D84D3500AD9366 /* DetailVC.swift */; };
		39E863C126D710800060792C /* GoogleService-Info.plist in Resources */ = {isa = PBXBuildFile; fileRef = 39E863C026D7107F0060792C /* GoogleService-Info.plist */; };
/* End PBXBuildFile section */

/* Begin PBXFileReference section */
		3956151D26D7067E0019BD16 /* Loodos-OMDB.app */ = {isa = PBXFileReference; explicitFileType = wrapper.application; includeInIndex = 0; path = "Loodos-OMDB.app"; sourceTree = BUILT_PRODUCTS_DIR; };
		3956152026D7067E0019BD16 /* AppDelegate.swift */ = {isa = PBXFileReference; lastKnownFileType = sourcecode.swift; path = AppDelegate.swift; sourceTree = "<group>"; };
		3956152226D7067E0019BD16 /* SceneDelegate.swift */ = {isa = PBXFileReference; lastKnownFileType = sourcecode.swift; path = SceneDelegate.swift; sourceTree = "<group>"; };
		3956152426D7067E0019BD16 /* MainVC.swift */ = {isa = PBXFileReference; lastKnownFileType = sourcecode.swift; path = MainVC.swift; sourceTree = "<group>"; };
		3956152726D7067E0019BD16 /* Base */ = {isa = PBXFileReference; lastKnownFileType = file.storyboard; name = Base; path = Base.lproj/Main.storyboard; sourceTree = "<group>"; };
		3956152A26D7067E0019BD16 /* Loodos_OMDB.xcdatamodel */ = {isa = PBXFileReference; lastKnownFileType = wrapper.xcdatamodel; path = Loodos_OMDB.xcdatamodel; sourceTree = "<group>"; };
		3956152C26D706810019BD16 /* Assets.xcassets */ = {isa = PBXFileReference; lastKnownFileType = folder.assetcatalog; path = Assets.xcassets; sourceTree = "<group>"; };
		3956152F26D706810019BD16 /* Base */ = {isa = PBXFileReference; lastKnownFileType = file.storyboard; name = Base; path = Base.lproj/LaunchScreen.storyboard; sourceTree = "<group>"; };
		3956153126D706810019BD16 /* Info.plist */ = {isa = PBXFileReference; lastKnownFileType = text.plist.xml; path = Info.plist; sourceTree = "<group>"; };
		3985FE8826D8F25D002411A9 /* DetailVC+Ext.swift */ = {isa = PBXFileReference; lastKnownFileType = sourcecode.swift; path = "DetailVC+Ext.swift"; sourceTree = "<group>"; };
		3985FE9B26DA97AF002411A9 /* UIVC+Ext.swift */ = {isa = PBXFileReference; lastKnownFileType = sourcecode.swift; path = "UIVC+Ext.swift"; sourceTree = "<group>"; };
		39DFF10226D7C55400AD9366 /* SplashVC.swift */ = {isa = PBXFileReference; lastKnownFileType = sourcecode.swift; path = SplashVC.swift; sourceTree = "<group>"; };
		39DFF10A26D7D9D900AD9366 /* API.swift */ = {isa = PBXFileReference; lastKnownFileType = sourcecode.swift; path = API.swift; sourceTree = "<group>"; };
		39DFF10C26D7DA0D00AD9366 /* NetworkManager.swift */ = {isa = PBXFileReference; lastKnownFileType = sourcecode.swift; path = NetworkManager.swift; sourceTree = "<group>"; };
		39DFF10F26D7DCAB00AD9366 /* Movie.swift */ = {isa = PBXFileReference; lastKnownFileType = sourcecode.swift; path = Movie.swift; sourceTree = "<group>"; };
		39DFF11126D7E55A00AD9366 /* Movie-Detail.swift */ = {isa = PBXFileReference; lastKnownFileType = sourcecode.swift; path = "Movie-Detail.swift"; sourceTree = "<group>"; };
		39DFF11426D824EC00AD9366 /* MovieCell.swift */ = {isa = PBXFileReference; lastKnownFileType = sourcecode.swift; path = MovieCell.swift; sourceTree = "<group>"; };
		39DFF11526D824EC00AD9366 /* MovieCell.xib */ = {isa = PBXFileReference; lastKnownFileType = file.xib; path = MovieCell.xib; sourceTree = "<group>"; };
		39DFF11B26D84D3500AD9366 /* DetailVC.swift */ = {isa = PBXFileReference; lastKnownFileType = sourcecode.swift; path = DetailVC.swift; sourceTree = "<group>"; };
		39E863C026D7107F0060792C /* GoogleService-Info.plist */ = {isa = PBXFileReference; fileEncoding = 4; lastKnownFileType = text.plist.xml; path = "GoogleService-Info.plist"; sourceTree = "<group>"; };
/* End PBXFileReference section */

/* Begin PBXFrameworksBuildPhase section */
		3956151A26D7067E0019BD16 /* Frameworks */ = {
			isa = PBXFrameworksBuildPhase;
			buildActionMask = 2147483647;
			files = (
				3985FE8F26D91925002411A9 /* Kingfisher in Frameworks */,
				3985FE8C26D91906002411A9 /* Reachability in Frameworks */,
				3985FE9226D91999002411A9 /* FirebaseAnalytics in Frameworks */,
				3985FE9726D91A01002411A9 /* Moya in Frameworks */,
				3985FE9426D91999002411A9 /* FirebaseRemoteConfig in Frameworks */,
			);
			runOnlyForDeploymentPostprocessing = 0;
		};
/* End PBXFrameworksBuildPhase section */

/* Begin PBXGroup section */
		3956151426D7067E0019BD16 = {
			isa = PBXGroup;
			children = (
				3956151F26D7067E0019BD16 /* Loodos-OMDB */,
				3956151E26D7067E0019BD16 /* Products */,
			);
			sourceTree = "<group>";
		};
		3956151E26D7067E0019BD16 /* Products */ = {
			isa = PBXGroup;
			children = (
				3956151D26D7067E0019BD16 /* Loodos-OMDB.app */,
			);
			name = Products;
			sourceTree = "<group>";
		};
		3956151F26D7067E0019BD16 /* Loodos-OMDB */ = {
			isa = PBXGroup;
			children = (
				3985FEA426DAAFBE002411A9 /* Storyboard */,
				39DFF11326D824BA00AD9366 /* Cell */,
				39DFF10E26D7DC9C00AD9366 /* Model */,
				39DFF10426D7CA6B00AD9366 /* Extension */,
				39DFF10126D7C53C00AD9366 /* VC */,
				39E863C226D712510060792C /* Network */,
				39E863C026D7107F0060792C /* GoogleService-Info.plist */,
				3956152026D7067E0019BD16 /* AppDelegate.swift */,
				3956152226D7067E0019BD16 /* SceneDelegate.swift */,
				3956152C26D706810019BD16 /* Assets.xcassets */,
				3956153126D706810019BD16 /* Info.plist */,
				3956152926D7067E0019BD16 /* Loodos_OMDB.xcdatamodeld */,
			);
			path = "Loodos-OMDB";
			sourceTree = "<group>";
		};
		3985FEA426DAAFBE002411A9 /* Storyboard */ = {
			isa = PBXGroup;
			children = (
				3956152626D7067E0019BD16 /* Main.storyboard */,
				3956152E26D706810019BD16 /* LaunchScreen.storyboard */,
			);
			path = Storyboard;
			sourceTree = "<group>";
		};
		39DFF10126D7C53C00AD9366 /* VC */ = {
			isa = PBXGroup;
			children = (
				3956152426D7067E0019BD16 /* MainVC.swift */,
				39DFF10226D7C55400AD9366 /* SplashVC.swift */,
				39DFF11B26D84D3500AD9366 /* DetailVC.swift */,
			);
			path = VC;
			sourceTree = "<group>";
		};
		39DFF10426D7CA6B00AD9366 /* Extension */ = {
			isa = PBXGroup;
			children = (
				3985FE8826D8F25D002411A9 /* DetailVC+Ext.swift */,
				3985FE9B26DA97AF002411A9 /* UIVC+Ext.swift */,
			);
			path = Extension;
			sourceTree = "<group>";
		};
		39DFF10E26D7DC9C00AD9366 /* Model */ = {
			isa = PBXGroup;
			children = (
				39DFF10F26D7DCAB00AD9366 /* Movie.swift */,
				39DFF11126D7E55A00AD9366 /* Movie-Detail.swift */,
			);
			path = Model;
			sourceTree = "<group>";
		};
		39DFF11326D824BA00AD9366 /* Cell */ = {
			isa = PBXGroup;
			children = (
				39DFF11426D824EC00AD9366 /* MovieCell.swift */,
				39DFF11526D824EC00AD9366 /* MovieCell.xib */,
			);
			path = Cell;
			sourceTree = "<group>";
		};
		39E863C226D712510060792C /* Network */ = {
			isa = PBXGroup;
			children = (
				39DFF10A26D7D9D900AD9366 /* API.swift */,
				39DFF10C26D7DA0D00AD9366 /* NetworkManager.swift */,
			);
			path = Network;
			sourceTree = "<group>";
		};
/* End PBXGroup section */

/* Begin PBXNativeTarget section */
		3956151C26D7067E0019BD16 /* Loodos-OMDB */ = {
			isa = PBXNativeTarget;
			buildConfigurationList = 3956153426D706810019BD16 /* Build configuration list for PBXNativeTarget "Loodos-OMDB" */;
			buildPhases = (
				3956151926D7067E0019BD16 /* Sources */,
				3956151A26D7067E0019BD16 /* Frameworks */,
				3956151B26D7067E0019BD16 /* Resources */,
			);
			buildRules = (
			);
			dependencies = (
			);
			name = "Loodos-OMDB";
			packageProductDependencies = (
				3985FE8B26D91906002411A9 /* Reachability */,
				3985FE8E26D91925002411A9 /* Kingfisher */,
				3985FE9126D91999002411A9 /* FirebaseAnalytics */,
				3985FE9326D91999002411A9 /* FirebaseRemoteConfig */,
				3985FE9626D91A01002411A9 /* Moya */,
			);
			productName = "Loodos-OMDB";
			productReference = 3956151D26D7067E0019BD16 /* Loodos-OMDB.app */;
			productType = "com.apple.product-type.application";
		};
/* End PBXNativeTarget section */

/* Begin PBXProject section */
		3956151526D7067E0019BD16 /* Project object */ = {
			isa = PBXProject;
			attributes = {
				LastSwiftUpdateCheck = 1250;
				LastUpgradeCheck = 1250;
				TargetAttributes = {
					3956151C26D7067E0019BD16 = {
						CreatedOnToolsVersion = 12.5;
					};
				};
			};
			buildConfigurationList = 3956151826D7067E0019BD16 /* Build configuration list for PBXProject "Loodos-OMDB" */;
			compatibilityVersion = "Xcode 9.3";
			developmentRegion = en;
			hasScannedForEncodings = 0;
			knownRegions = (
				en,
				Base,
			);
			mainGroup = 3956151426D7067E0019BD16;
			packageReferences = (
				3985FE8A26D91906002411A9 /* XCRemoteSwiftPackageReference "Reachability" */,
				3985FE8D26D91925002411A9 /* XCRemoteSwiftPackageReference "Kingfisher" */,
				3985FE9026D91999002411A9 /* XCRemoteSwiftPackageReference "firebase-ios-sdk" */,
				3985FE9526D91A01002411A9 /* XCRemoteSwiftPackageReference "Moya" */,
			);
			productRefGroup = 3956151E26D7067E0019BD16 /* Products */;
			projectDirPath = "";
			projectRoot = "";
			targets = (
				3956151C26D7067E0019BD16 /* Loodos-OMDB */,
			);
		};
/* End PBXProject section */

/* Begin PBXResourcesBuildPhase section */
		3956151B26D7067E0019BD16 /* Resources */ = {
			isa = PBXResourcesBuildPhase;
			buildActionMask = 2147483647;
			files = (
				3956153026D706810019BD16 /* LaunchScreen.storyboard in Resources */,
				39E863C126D710800060792C /* GoogleService-Info.plist in Resources */,
				3956152D26D706810019BD16 /* Assets.xcassets in Resources */,
				3956152826D7067E0019BD16 /* Main.storyboard in Resources */,
				39DFF11726D824EC00AD9366 /* MovieCell.xib in Resources */,
			);
			runOnlyForDeploymentPostprocessing = 0;
		};
/* End PBXResourcesBuildPhase section */

/* Begin PBXSourcesBuildPhase section */
		3956151926D7067E0019BD16 /* Sources */ = {
			isa = PBXSourcesBuildPhase;
			buildActionMask = 2147483647;
			files = (
				3985FE8926D8F25D002411A9 /* DetailVC+Ext.swift in Sources */,
				3956152526D7067E0019BD16 /* MainVC.swift in Sources */,
				39DFF10326D7C55400AD9366 /* SplashVC.swift in Sources */,
				39DFF11C26D84D3500AD9366 /* DetailVC.swift in Sources */,
				3956152B26D7067E0019BD16 /* Loodos_OMDB.xcdatamodeld in Sources */,
				39DFF11226D7E55A00AD9366 /* Movie-Detail.swift in Sources */,
				39DFF10D26D7DA0D00AD9366 /* NetworkManager.swift in Sources */,
				3956152126D7067E0019BD16 /* AppDelegate.swift in Sources */,
				39DFF10B26D7D9D900AD9366 /* API.swift in Sources */,
				39DFF11026D7DCAB00AD9366 /* Movie.swift in Sources */,
				39DFF11626D824EC00AD9366 /* MovieCell.swift in Sources */,
				3985FE9C26DA97AF002411A9 /* UIVC+Ext.swift in Sources */,
				3956152326D7067E0019BD16 /* SceneDelegate.swift in Sources */,
			);
			runOnlyForDeploymentPostprocessing = 0;
		};
/* End PBXSourcesBuildPhase section */

/* Begin PBXVariantGroup section */
		3956152626D7067E0019BD16 /* Main.storyboard */ = {
			isa = PBXVariantGroup;
			children = (
				3956152726D7067E0019BD16 /* Base */,
			);
			name = Main.storyboard;
			sourceTree = "<group>";
		};
		3956152E26D706810019BD16 /* LaunchScreen.storyboard */ = {
			isa = PBXVariantGroup;
			children = (
				3956152F26D706810019BD16 /* Base */,
			);
			name = LaunchScreen.storyboard;
			sourceTree = "<group>";
		};
/* End PBXVariantGroup section */

/* Begin XCBuildConfiguration section */
		3956153226D706810019BD16 /* Debug */ = {
			isa = XCBuildConfiguration;
			buildSettings = {
				ALWAYS_SEARCH_USER_PATHS = NO;
				CLANG_ANALYZER_NONNULL = YES;
				CLANG_ANALYZER_NUMBER_OBJECT_CONVERSION = YES_AGGRESSIVE;
				CLANG_CXX_LANGUAGE_STANDARD = "gnu++14";
				CLANG_CXX_LIBRARY = "libc++";
				CLANG_ENABLE_MODULES = YES;
				CLANG_ENABLE_OBJC_ARC = YES;
				CLANG_ENABLE_OBJC_WEAK = YES;
				CLANG_WARN_BLOCK_CAPTURE_AUTORELEASING = YES;
				CLANG_WARN_BOOL_CONVERSION = YES;
				CLANG_WARN_COMMA = YES;
				CLANG_WARN_CONSTANT_CONVERSION = YES;
				CLANG_WARN_DEPRECATED_OBJC_IMPLEMENTATIONS = YES;
				CLANG_WARN_DIRECT_OBJC_ISA_USAGE = YES_ERROR;
				CLANG_WARN_DOCUMENTATION_COMMENTS = YES;
				CLANG_WARN_EMPTY_BODY = YES;
				CLANG_WARN_ENUM_CONVERSION = YES;
				CLANG_WARN_INFINITE_RECURSION = YES;
				CLANG_WARN_INT_CONVERSION = YES;
				CLANG_WARN_NON_LITERAL_NULL_CONVERSION = YES;
				CLANG_WARN_OBJC_IMPLICIT_RETAIN_SELF = YES;
				CLANG_WARN_OBJC_LITERAL_CONVERSION = YES;
				CLANG_WARN_OBJC_ROOT_CLASS = YES_ERROR;
				CLANG_WARN_QUOTED_INCLUDE_IN_FRAMEWORK_HEADER = YES;
				CLANG_WARN_RANGE_LOOP_ANALYSIS = YES;
				CLANG_WARN_STRICT_PROTOTYPES = YES;
				CLANG_WARN_SUSPICIOUS_MOVE = YES;
				CLANG_WARN_UNGUARDED_AVAILABILITY = YES_AGGRESSIVE;
				CLANG_WARN_UNREACHABLE_CODE = YES;
				CLANG_WARN__DUPLICATE_METHOD_MATCH = YES;
				COPY_PHASE_STRIP = NO;
				DEBUG_INFORMATION_FORMAT = dwarf;
				ENABLE_STRICT_OBJC_MSGSEND = YES;
				ENABLE_TESTABILITY = YES;
				GCC_C_LANGUAGE_STANDARD = gnu11;
				GCC_DYNAMIC_NO_PIC = NO;
				GCC_NO_COMMON_BLOCKS = YES;
				GCC_OPTIMIZATION_LEVEL = 0;
				GCC_PREPROCESSOR_DEFINITIONS = (
					"DEBUG=1",
					"$(inherited)",
				);
				GCC_WARN_64_TO_32_BIT_CONVERSION = YES;
				GCC_WARN_ABOUT_RETURN_TYPE = YES_ERROR;
				GCC_WARN_UNDECLARED_SELECTOR = YES;
				GCC_WARN_UNINITIALIZED_AUTOS = YES_AGGRESSIVE;
				GCC_WARN_UNUSED_FUNCTION = YES;
				GCC_WARN_UNUSED_VARIABLE = YES;
				IPHONEOS_DEPLOYMENT_TARGET = 14.5;
				MTL_ENABLE_DEBUG_INFO = INCLUDE_SOURCE;
				MTL_FAST_MATH = YES;
				ONLY_ACTIVE_ARCH = YES;
				SDKROOT = iphoneos;
				SWIFT_ACTIVE_COMPILATION_CONDITIONS = DEBUG;
				SWIFT_OPTIMIZATION_LEVEL = "-Onone";
			};
			name = Debug;
		};
		3956153326D706810019BD16 /* Release */ = {
			isa = XCBuildConfiguration;
			buildSettings = {
				ALWAYS_SEARCH_USER_PATHS = NO;
				CLANG_ANALYZER_NONNULL = YES;
				CLANG_ANALYZER_NUMBER_OBJECT_CONVERSION = YES_AGGRESSIVE;
				CLANG_CXX_LANGUAGE_STANDARD = "gnu++14";
				CLANG_CXX_LIBRARY = "libc++";
				CLANG_ENABLE_MODULES = YES;
				CLANG_ENABLE_OBJC_ARC = YES;
				CLANG_ENABLE_OBJC_WEAK = YES;
				CLANG_WARN_BLOCK_CAPTURE_AUTORELEASING = YES;
				CLANG_WARN_BOOL_CONVERSION = YES;
				CLANG_WARN_COMMA = YES;
				CLANG_WARN_CONSTANT_CONVERSION = YES;
				CLANG_WARN_DEPRECATED_OBJC_IMPLEMENTATIONS = YES;
				CLANG_WARN_DIRECT_OBJC_ISA_USAGE = YES_ERROR;
				CLANG_WARN_DOCUMENTATION_COMMENTS = YES;
				CLANG_WARN_EMPTY_BODY = YES;
				CLANG_WARN_ENUM_CONVERSION = YES;
				CLANG_WARN_INFINITE_RECURSION = YES;
				CLANG_WARN_INT_CONVERSION = YES;
				CLANG_WARN_NON_LITERAL_NULL_CONVERSION = YES;
				CLANG_WARN_OBJC_IMPLICIT_RETAIN_SELF = YES;
				CLANG_WARN_OBJC_LITERAL_CONVERSION = YES;
				CLANG_WARN_OBJC_ROOT_CLASS = YES_ERROR;
				CLANG_WARN_QUOTED_INCLUDE_IN_FRAMEWORK_HEADER = YES;
				CLANG_WARN_RANGE_LOOP_ANALYSIS = YES;
				CLANG_WARN_STRICT_PROTOTYPES = YES;
				CLANG_WARN_SUSPICIOUS_MOVE = YES;
				CLANG_WARN_UNGUARDED_AVAILABILITY = YES_AGGRESSIVE;
				CLANG_WARN_UNREACHABLE_CODE = YES;
				CLANG_WARN__DUPLICATE_METHOD_MATCH = YES;
				COPY_PHASE_STRIP = NO;
				DEBUG_INFORMATION_FORMAT = "dwarf-with-dsym";
				ENABLE_NS_ASSERTIONS = NO;
				ENABLE_STRICT_OBJC_MSGSEND = YES;
				GCC_C_LANGUAGE_STANDARD = gnu11;
				GCC_NO_COMMON_BLOCKS = YES;
				GCC_WARN_64_TO_32_BIT_CONVERSION = YES;
				GCC_WARN_ABOUT_RETURN_TYPE = YES_ERROR;
				GCC_WARN_UNDECLARED_SELECTOR = YES;
				GCC_WARN_UNINITIALIZED_AUTOS = YES_AGGRESSIVE;
				GCC_WARN_UNUSED_FUNCTION = YES;
				GCC_WARN_UNUSED_VARIABLE = YES;
				IPHONEOS_DEPLOYMENT_TARGET = 14.5;
				MTL_ENABLE_DEBUG_INFO = NO;
				MTL_FAST_MATH = YES;
				SDKROOT = iphoneos;
				SWIFT_COMPILATION_MODE = wholemodule;
				SWIFT_OPTIMIZATION_LEVEL = "-O";
				VALIDATE_PRODUCT = YES;
			};
			name = Release;
		};
		3956153526D706810019BD16 /* Debug */ = {
			isa = XCBuildConfiguration;
			buildSettings = {
				ASSETCATALOG_COMPILER_APPICON_NAME = AppIcon;
				ASSETCATALOG_COMPILER_GLOBAL_ACCENT_COLOR_NAME = AccentColor;
				CODE_SIGN_STYLE = Automatic;
				DEVELOPMENT_TEAM = 677D8BH28M;
				INFOPLIST_FILE = "Loodos-OMDB/Info.plist";
				LD_RUNPATH_SEARCH_PATHS = (
					"$(inherited)",
					"@executable_path/Frameworks",
				);
				PRODUCT_BUNDLE_IDENTIFIER = "com.salimuzun.Loodos-OMDB";
				PRODUCT_NAME = "$(TARGET_NAME)";
				SWIFT_VERSION = 5.0;
				TARGETED_DEVICE_FAMILY = 1;
			};
			name = Debug;
		};
		3956153626D706810019BD16 /* Release */ = {
			isa = XCBuildConfiguration;
			buildSettings = {
				ASSETCATALOG_COMPILER_APPICON_NAME = AppIcon;
				ASSETCATALOG_COMPILER_GLOBAL_ACCENT_COLOR_NAME = AccentColor;
				CODE_SIGN_STYLE = Automatic;
				DEVELOPMENT_TEAM = 677D8BH28M;
				INFOPLIST_FILE = "Loodos-OMDB/Info.plist";
				LD_RUNPATH_SEARCH_PATHS = (
					"$(inherited)",
					"@executable_path/Frameworks",
				);
				PRODUCT_BUNDLE_IDENTIFIER = "com.salimuzun.Loodos-OMDB";
				PRODUCT_NAME = "$(TARGET_NAME)";
				SWIFT_VERSION = 5.0;
				TARGETED_DEVICE_FAMILY = 1;
			};
			name = Release;
		};
/* End XCBuildConfiguration section */

/* Begin XCConfigurationList section */
		3956151826D7067E0019BD16 /* Build configuration list for PBXProject "Loodos-OMDB" */ = {
			isa = XCConfigurationList;
			buildConfigurations = (
				3956153226D706810019BD16 /* Debug */,
				3956153326D706810019BD16 /* Release */,
			);
			defaultConfigurationIsVisible = 0;
			defaultConfigurationName = Release;
		};
		3956153426D706810019BD16 /* Build configuration list for PBXNativeTarget "Loodos-OMDB" */ = {
			isa = XCConfigurationList;
			buildConfigurations = (
				3956153526D706810019BD16 /* Debug */,
				3956153626D706810019BD16 /* Release */,
			);
			defaultConfigurationIsVisible = 0;
			defaultConfigurationName = Release;
		};
/* End XCConfigurationList section */

/* Begin XCRemoteSwiftPackageReference section */
		3985FE8A26D91906002411A9 /* XCRemoteSwiftPackageReference "Reachability" */ = {
			isa = XCRemoteSwiftPackageReference;
			repositoryURL = "https://github.com/ashleymills/Reachability.swift";
			requirement = {
				kind = upToNextMajorVersion;
				minimumVersion = 5.1.0;
			};
		};
		3985FE8D26D91925002411A9 /* XCRemoteSwiftPackageReference "Kingfisher" */ = {
			isa = XCRemoteSwiftPackageReference;
			repositoryURL = "https://github.com/onevcat/Kingfisher.git";
			requirement = {
				kind = upToNextMajorVersion;
				minimumVersion = 6.3.1;
			};
		};
		3985FE9026D91999002411A9 /* XCRemoteSwiftPackageReference "firebase-ios-sdk" */ = {
			isa = XCRemoteSwiftPackageReference;
			repositoryURL = "https://github.com/firebase/firebase-ios-sdk.git";
			requirement = {
				kind = upToNextMajorVersion;
				minimumVersion = 8.6.0;
			};
		};
		3985FE9526D91A01002411A9 /* XCRemoteSwiftPackageReference "Moya" */ = {
			isa = XCRemoteSwiftPackageReference;
			repositoryURL = "https://github.com/Moya/Moya.git";
			requirement = {
				kind = upToNextMajorVersion;
				minimumVersion = 14.0.1;
			};
		};
/* End XCRemoteSwiftPackageReference section */

/* Begin XCSwiftPackageProductDependency section */
		3985FE8B26D91906002411A9 /* Reachability */ = {
			isa = XCSwiftPackageProductDependency;
			package = 3985FE8A26D91906002411A9 /* XCRemoteSwiftPackageReference "Reachability" */;
			productName = Reachability;
		};
		3985FE8E26D91925002411A9 /* Kingfisher */ = {
			isa = XCSwiftPackageProductDependency;
			package = 3985FE8D26D91925002411A9 /* XCRemoteSwiftPackageReference "Kingfisher" */;
			productName = Kingfisher;
		};
		3985FE9126D91999002411A9 /* FirebaseAnalytics */ = {
			isa = XCSwiftPackageProductDependency;
			package = 3985FE9026D91999002411A9 /* XCRemoteSwiftPackageReference "firebase-ios-sdk" */;
			productName = FirebaseAnalytics;
		};
		3985FE9326D91999002411A9 /* FirebaseRemoteConfig */ = {
			isa = XCSwiftPackageProductDependency;
			package = 3985FE9026D91999002411A9 /* XCRemoteSwiftPackageReference "firebase-ios-sdk" */;
			productName = FirebaseRemoteConfig;
		};
		3985FE9626D91A01002411A9 /* Moya */ = {
			isa = XCSwiftPackageProductDependency;
			package = 3985FE9526D91A01002411A9 /* XCRemoteSwiftPackageReference "Moya" */;
			productName = Moya;
		};
/* End XCSwiftPackageProductDependency section */

/* Begin XCVersionGroup section */
		3956152926D7067E0019BD16 /* Loodos_OMDB.xcdatamodeld */ = {
			isa = XCVersionGroup;
			children = (
				3956152A26D7067E0019BD16 /* Loodos_OMDB.xcdatamodel */,
			);
			currentVersion = 3956152A26D7067E0019BD16 /* Loodos_OMDB.xcdatamodel */;
			path = Loodos_OMDB.xcdatamodeld;
			sourceTree = "<group>";
			versionGroupType = wrapper.xcdatamodel;
		};
/* End XCVersionGroup section */
	};
	rootObject = 3956151526D7067E0019BD16 /* Project object */;
}
